# This file is automatically @generated by Cargo.
# It is not intended for manual editing.
version = 3

[[package]]
name = "pipe-trait"
version = "0.4.0"
source = "registry+https://github.com/rust-lang/crates.io-index"
checksum = "c1be1ec9e59f0360aefe84efa6f699198b685ab0d5718081e9f72aa2344289e2"

[[package]]
name = "tap-trait"
version = "1.0.0"
dependencies = [
 "pipe-trait",
]
