# This file is automatically @generated by Cargo.
# It is not intended for manual editing.
[[package]]
name = "pipe-trait"
version = "0.3.2"
source = "registry+https://github.com/rust-lang/crates.io-index"
checksum = "3fd92f5561e74c246a0b7332e09d2364afb40b67d152c4520b3ba2a7d3dea5b3"

[[package]]
name = "tap-trait"
version = "0.0.0"
dependencies = [
 "pipe-trait",
]
